
Microsoft Visual Studio Solution File, Format Version 12.00
# Visual Studio Version 17
VisualStudioVersion = 17.7.34024.191
MinimumVisualStudioVersion = 10.0.40219.1
Project("{FAE04EC0-301F-11D3-BF4B-00C04F79EFBC}") = "LabDB_Project", "LabDB_Project\LabDB_Project.csproj", "{CE91DBE3-FEB8-44AF-9756-B886D4AABD43}"
EndProject
Global
	GlobalSection(SolutionConfigurationPlatforms) = preSolution
		Debug|Any CPU = Debug|Any CPU
		Release|Any CPU = Release|Any CPU
	EndGlobalSection
	GlobalSection(ProjectConfigurationPlatforms) = postSolution
		{CE91DBE3-FEB8-44AF-9756-B886D4AABD43}.Debug|Any CPU.ActiveCfg = Debug|Any CPU
		{CE91DBE3-FEB8-44AF-9756-B886D4AABD43}.Debug|Any CPU.Build.0 = Debug|Any CPU
		{CE91DBE3-FEB8-44AF-9756-B886D4AABD43}.Release|Any CPU.ActiveCfg = Release|Any CPU
		{CE91DBE3-FEB8-44AF-9756-B886D4AABD43}.Release|Any CPU.Build.0 = Release|Any CPU
	EndGlobalSection
	GlobalSection(SolutionProperties) = preSolution
		HideSolutionNode = FALSE
	EndGlobalSection
	GlobalSection(ExtensibilityGlobals) = postSolution
		SolutionGuid = {7D77FAC2-AED2-4287-8D8F-4F1D8CEA36A5}
	EndGlobalSection
EndGlobal
